
Microsoft Visual Studio Solution File, Format Version 12.00
# Visual Studio Version 17
VisualStudioVersion = 17.9.34728.123
MinimumVisualStudioVersion = 10.0.40219.1
Project("{9A19103F-16F7-4668-BE54-9A1E7A4F7556}") = "KubaBlog", "KubaBlog\KubaBlog.csproj", "{28007BDD-2436-4A7E-A662-F90B24D95B89}"
EndProject
Project("{9A19103F-16F7-4668-BE54-9A1E7A4F7556}") = "KubaBlog.EntityLayer", "KubaBlog.EntityLayer\KubaBlog.EntityLayer.csproj", "{98D53B5C-C970-4CCE-89BB-05E847BB9322}"
EndProject
Project("{9A19103F-16F7-4668-BE54-9A1E7A4F7556}") = "KubaBlog.CoreLayer", "KubaBlog.CoreLayer\KubaBlog.CoreLayer.csproj", "{5E038ADC-91B5-42B6-8265-6B3D2844CA6A}"
EndProject
Project("{9A19103F-16F7-4668-BE54-9A1E7A4F7556}") = "KubaBlog.DataAccessLayer", "KubaBlog.DataAccessLayer\KubaBlog.DataAccessLayer.csproj", "{A4207CC8-768D-421C-BE69-8987712F4C58}"
EndProject
Project("{9A19103F-16F7-4668-BE54-9A1E7A4F7556}") = "KubaBlog.BusinessLayer", "KubaBlog.BusinessLayer\KubaBlog.BusinessLayer.csproj", "{AF430CDC-48B4-4889-B104-2E66CF94F087}"
EndProject
Project("{9A19103F-16F7-4668-BE54-9A1E7A4F7556}") = "KubaBlogApi", "KubaBlogApi\KubaBlogApi.csproj", "{0FBCEBCD-9969-459E-BA1D-AB1572ADC952}"
EndProject
Project("{FAE04EC0-301F-11D3-BF4B-00C04F79EFBC}") = "KubaBlog.jwt", "KubaBlog.jwt\KubaBlog.jwt.csproj", "{3E3DF949-19B8-4A8D-BDFE-24660AF9FCC4}"
EndProject
Global
	GlobalSection(SolutionConfigurationPlatforms) = preSolution
		Debug|Any CPU = Debug|Any CPU
		Release|Any CPU = Release|Any CPU
	EndGlobalSection
	GlobalSection(ProjectConfigurationPlatforms) = postSolution
		{28007BDD-2436-4A7E-A662-F90B24D95B89}.Debug|Any CPU.ActiveCfg = Debug|Any CPU
		{28007BDD-2436-4A7E-A662-F90B24D95B89}.Debug|Any CPU.Build.0 = Debug|Any CPU
		{28007BDD-2436-4A7E-A662-F90B24D95B89}.Release|Any CPU.ActiveCfg = Release|Any CPU
		{28007BDD-2436-4A7E-A662-F90B24D95B89}.Release|Any CPU.Build.0 = Release|Any CPU
		{98D53B5C-C970-4CCE-89BB-05E847BB9322}.Debug|Any CPU.ActiveCfg = Debug|Any CPU
		{98D53B5C-C970-4CCE-89BB-05E847BB9322}.Debug|Any CPU.Build.0 = Debug|Any CPU
		{98D53B5C-C970-4CCE-89BB-05E847BB9322}.Release|Any CPU.ActiveCfg = Release|Any CPU
		{98D53B5C-C970-4CCE-89BB-05E847BB9322}.Release|Any CPU.Build.0 = Release|Any CPU
		{5E038ADC-91B5-42B6-8265-6B3D2844CA6A}.Debug|Any CPU.ActiveCfg = Debug|Any CPU
		{5E038ADC-91B5-42B6-8265-6B3D2844CA6A}.Debug|Any CPU.Build.0 = Debug|Any CPU
		{5E038ADC-91B5-42B6-8265-6B3D2844CA6A}.Release|Any CPU.ActiveCfg = Release|Any CPU
		{5E038ADC-91B5-42B6-8265-6B3D2844CA6A}.Release|Any CPU.Build.0 = Release|Any CPU
		{A4207CC8-768D-421C-BE69-8987712F4C58}.Debug|Any CPU.ActiveCfg = Debug|Any CPU
		{A4207CC8-768D-421C-BE69-8987712F4C58}.Debug|Any CPU.Build.0 = Debug|Any CPU
		{A4207CC8-768D-421C-BE69-8987712F4C58}.Release|Any CPU.ActiveCfg = Release|Any CPU
		{A4207CC8-768D-421C-BE69-8987712F4C58}.Release|Any CPU.Build.0 = Release|Any CPU
		{AF430CDC-48B4-4889-B104-2E66CF94F087}.Debug|Any CPU.ActiveCfg = Debug|Any CPU
		{AF430CDC-48B4-4889-B104-2E66CF94F087}.Debug|Any CPU.Build.0 = Debug|Any CPU
		{AF430CDC-48B4-4889-B104-2E66CF94F087}.Release|Any CPU.ActiveCfg = Release|Any CPU
		{AF430CDC-48B4-4889-B104-2E66CF94F087}.Release|Any CPU.Build.0 = Release|Any CPU
		{0FBCEBCD-9969-459E-BA1D-AB1572ADC952}.Debug|Any CPU.ActiveCfg = Debug|Any CPU
		{0FBCEBCD-9969-459E-BA1D-AB1572ADC952}.Debug|Any CPU.Build.0 = Debug|Any CPU
		{0FBCEBCD-9969-459E-BA1D-AB1572ADC952}.Release|Any CPU.ActiveCfg = Release|Any CPU
		{0FBCEBCD-9969-459E-BA1D-AB1572ADC952}.Release|Any CPU.Build.0 = Release|Any CPU
		{3E3DF949-19B8-4A8D-BDFE-24660AF9FCC4}.Debug|Any CPU.ActiveCfg = Debug|Any CPU
		{3E3DF949-19B8-4A8D-BDFE-24660AF9FCC4}.Debug|Any CPU.Build.0 = Debug|Any CPU
		{3E3DF949-19B8-4A8D-BDFE-24660AF9FCC4}.Release|Any CPU.ActiveCfg = Release|Any CPU
		{3E3DF949-19B8-4A8D-BDFE-24660AF9FCC4}.Release|Any CPU.Build.0 = Release|Any CPU
	EndGlobalSection
	GlobalSection(SolutionProperties) = preSolution
		HideSolutionNode = FALSE
	EndGlobalSection
	GlobalSection(ExtensibilityGlobals) = postSolution
		SolutionGuid = {F8A3ECEA-7DCF-403F-BE43-87FF91223824}
	EndGlobalSection
EndGlobal
